
Microsoft Visual Studio Solution File, Format Version 12.00
# Visual Studio Version 16
VisualStudioVersion = 16.0.28803.202
MinimumVisualStudioVersion = 10.0.40219.1
Project("{9A19103F-16F7-4668-BE54-9A1E7A4F7556}") = "BareBonesCRUDMicroservice", "BareBonesMicroservice\BareBonesCRUDMicroservice.csproj", "{074FEC8C-8636-44C0-8B86-048F139CA075}"
EndProject
Global
	GlobalSection(SolutionConfigurationPlatforms) = preSolution
		Debug|Any CPU = Debug|Any CPU
		Release|Any CPU = Release|Any CPU
	EndGlobalSection
	GlobalSection(ProjectConfigurationPlatforms) = postSolution
		{074FEC8C-8636-44C0-8B86-048F139CA075}.Debug|Any CPU.ActiveCfg = Debug|Any CPU
		{074FEC8C-8636-44C0-8B86-048F139CA075}.Debug|Any CPU.Build.0 = Debug|Any CPU
		{074FEC8C-8636-44C0-8B86-048F139CA075}.Release|Any CPU.ActiveCfg = Release|Any CPU
		{074FEC8C-8636-44C0-8B86-048F139CA075}.Release|Any CPU.Build.0 = Release|Any CPU
	EndGlobalSection
	GlobalSection(SolutionProperties) = preSolution
		HideSolutionNode = FALSE
	EndGlobalSection
	GlobalSection(ExtensibilityGlobals) = postSolution
		SolutionGuid = {06042150-FAB1-4311-90E4-9CFE3D599CB0}
	EndGlobalSection
EndGlobal
